
Microsoft Visual Studio Solution File, Format Version 12.00
# Visual Studio Version 17
VisualStudioVersion = 17.10.34916.146
MinimumVisualStudioVersion = 10.0.40219.1
Project("{9A19103F-16F7-4668-BE54-9A1E7A4F7556}") = "AdvancedProgramming2024.Domain", "AdvancedProgramming2024.Domain.csproj", "{A12C8E09-7523-4494-8D7E-1D61291A9CBD}"
EndProject
Project("{FAE04EC0-301F-11D3-BF4B-00C04F79EFBC}") = "AdvancedProgramming2024.DataAccess", "..\AdvancedProgramming2024.DataAccess\AdvancedProgramming2024.DataAccess.csproj", "{42D46A0D-30AA-4340-855B-906B57042D1F}"
EndProject
Global
	GlobalSection(SolutionConfigurationPlatforms) = preSolution
		Debug|Any CPU = Debug|Any CPU
		Release|Any CPU = Release|Any CPU
	EndGlobalSection
	GlobalSection(ProjectConfigurationPlatforms) = postSolution
		{A12C8E09-7523-4494-8D7E-1D61291A9CBD}.Debug|Any CPU.ActiveCfg = Debug|Any CPU
		{A12C8E09-7523-4494-8D7E-1D61291A9CBD}.Debug|Any CPU.Build.0 = Debug|Any CPU
		{A12C8E09-7523-4494-8D7E-1D61291A9CBD}.Release|Any CPU.ActiveCfg = Release|Any CPU
		{A12C8E09-7523-4494-8D7E-1D61291A9CBD}.Release|Any CPU.Build.0 = Release|Any CPU
		{42D46A0D-30AA-4340-855B-906B57042D1F}.Debug|Any CPU.ActiveCfg = Debug|Any CPU
		{42D46A0D-30AA-4340-855B-906B57042D1F}.Debug|Any CPU.Build.0 = Debug|Any CPU
		{42D46A0D-30AA-4340-855B-906B57042D1F}.Release|Any CPU.ActiveCfg = Release|Any CPU
		{42D46A0D-30AA-4340-855B-906B57042D1F}.Release|Any CPU.Build.0 = Release|Any CPU
	EndGlobalSection
	GlobalSection(SolutionProperties) = preSolution
		HideSolutionNode = FALSE
	EndGlobalSection
	GlobalSection(ExtensibilityGlobals) = postSolution
		SolutionGuid = {D71EA3CD-98DF-4D56-AFEC-B2F283A5FFBA}
	EndGlobalSection
EndGlobal
